
Microsoft Visual Studio Solution File, Format Version 12.00
# Visual Studio Version 17
VisualStudioVersion = 17.6.33723.286
MinimumVisualStudioVersion = 10.0.40219.1
Project("{9A19103F-16F7-4668-BE54-9A1E7A4F7556}") = "AppointmentSlotSystem", "AppointmentSlotSystem.csproj", "{36F44908-3CEC-4E08-8CEE-06534CF4D329}"
EndProject
Project("{2150E333-8FDC-42A3-9474-1A3956D46DE8}") = "MainSlot", "MainSlot", "{551AE694-909B-4021-A13A-6FEB93515966}"
EndProject
Project("{2150E333-8FDC-42A3-9474-1A3956D46DE8}") = "Modules", "Modules", "{663B054A-D03F-45D9-B838-3F41A694F839}"
EndProject
Project("{2150E333-8FDC-42A3-9474-1A3956D46DE8}") = "Management", "Management", "{B5E67A4A-5DA5-435C-9E88-4C12998930BB}"
EndProject
Project("{9A19103F-16F7-4668-BE54-9A1E7A4F7556}") = "ManagementDoctor", "..\ManagementDoctor\ManagementDoctor.csproj", "{9D050064-EF22-4CFD-9E56-F152359E89C9}"
EndProject
Project("{2150E333-8FDC-42A3-9474-1A3956D46DE8}") = "Booking", "Booking", "{FAC5D033-5C47-4760-B6CA-489F62B665E4}"
EndProject
Project("{9A19103F-16F7-4668-BE54-9A1E7A4F7556}") = "Booking.API", "..\Booking.API\Booking.API.csproj", "{CA7282D6-69C8-49CB-A09A-9FB46A5D3511}"
EndProject
Project("{9A19103F-16F7-4668-BE54-9A1E7A4F7556}") = "Booking.Application", "..\Booking.Application\Booking.Application.csproj", "{A4731288-FC3A-4A98-A95E-61E0E42FB9B9}"
EndProject
Project("{9A19103F-16F7-4668-BE54-9A1E7A4F7556}") = "Booking.Domain", "..\Booking.Domain\Booking.Domain.csproj", "{2EDF93C4-668C-4D6A-80C1-BCEC03DC3E49}"
EndProject
Project("{9A19103F-16F7-4668-BE54-9A1E7A4F7556}") = "Booking.Infrastructure", "..\Booking.Infrastructure\Booking.Infrastructure.csproj", "{597BF147-2C60-4844-9AAC-3A82C409092E}"
EndProject
Project("{2150E333-8FDC-42A3-9474-1A3956D46DE8}") = "Authentication", "Authentication", "{23858623-CC13-4232-A757-71A8BA2A05B7}"
EndProject
Project("{FAE04EC0-301F-11D3-BF4B-00C04F79EFBC}") = "AuthenticationSimple", "..\AuthenticationSimple\AuthenticationSimple.csproj", "{46845364-0E0D-40AD-9BA6-FAA6C36AA83A}"
EndProject
Project("{2150E333-8FDC-42A3-9474-1A3956D46DE8}") = "Notification", "Notification", "{C9E05600-2E2B-4FE3-BFC5-5C1DE63EA13A}"
EndProject
Project("{FAE04EC0-301F-11D3-BF4B-00C04F79EFBC}") = "NotificationSimple", "..\NotificationSimple\NotificationSimple.csproj", "{A8FDDF0C-43E8-4CEC-8B7A-1D91A02B5DA2}"
EndProject
Global
	GlobalSection(SolutionConfigurationPlatforms) = preSolution
		Debug|Any CPU = Debug|Any CPU
		Release|Any CPU = Release|Any CPU
	EndGlobalSection
	GlobalSection(ProjectConfigurationPlatforms) = postSolution
		{36F44908-3CEC-4E08-8CEE-06534CF4D329}.Debug|Any CPU.ActiveCfg = Debug|Any CPU
		{36F44908-3CEC-4E08-8CEE-06534CF4D329}.Debug|Any CPU.Build.0 = Debug|Any CPU
		{36F44908-3CEC-4E08-8CEE-06534CF4D329}.Release|Any CPU.ActiveCfg = Release|Any CPU
		{36F44908-3CEC-4E08-8CEE-06534CF4D329}.Release|Any CPU.Build.0 = Release|Any CPU
		{9D050064-EF22-4CFD-9E56-F152359E89C9}.Debug|Any CPU.ActiveCfg = Debug|Any CPU
		{9D050064-EF22-4CFD-9E56-F152359E89C9}.Debug|Any CPU.Build.0 = Debug|Any CPU
		{9D050064-EF22-4CFD-9E56-F152359E89C9}.Release|Any CPU.ActiveCfg = Release|Any CPU
		{9D050064-EF22-4CFD-9E56-F152359E89C9}.Release|Any CPU.Build.0 = Release|Any CPU
		{CA7282D6-69C8-49CB-A09A-9FB46A5D3511}.Debug|Any CPU.ActiveCfg = Debug|Any CPU
		{CA7282D6-69C8-49CB-A09A-9FB46A5D3511}.Debug|Any CPU.Build.0 = Debug|Any CPU
		{CA7282D6-69C8-49CB-A09A-9FB46A5D3511}.Release|Any CPU.ActiveCfg = Release|Any CPU
		{CA7282D6-69C8-49CB-A09A-9FB46A5D3511}.Release|Any CPU.Build.0 = Release|Any CPU
		{A4731288-FC3A-4A98-A95E-61E0E42FB9B9}.Debug|Any CPU.ActiveCfg = Debug|Any CPU
		{A4731288-FC3A-4A98-A95E-61E0E42FB9B9}.Debug|Any CPU.Build.0 = Debug|Any CPU
		{A4731288-FC3A-4A98-A95E-61E0E42FB9B9}.Release|Any CPU.ActiveCfg = Release|Any CPU
		{A4731288-FC3A-4A98-A95E-61E0E42FB9B9}.Release|Any CPU.Build.0 = Release|Any CPU
		{2EDF93C4-668C-4D6A-80C1-BCEC03DC3E49}.Debug|Any CPU.ActiveCfg = Debug|Any CPU
		{2EDF93C4-668C-4D6A-80C1-BCEC03DC3E49}.Debug|Any CPU.Build.0 = Debug|Any CPU
		{2EDF93C4-668C-4D6A-80C1-BCEC03DC3E49}.Release|Any CPU.ActiveCfg = Release|Any CPU
		{2EDF93C4-668C-4D6A-80C1-BCEC03DC3E49}.Release|Any CPU.Build.0 = Release|Any CPU
		{597BF147-2C60-4844-9AAC-3A82C409092E}.Debug|Any CPU.ActiveCfg = Debug|Any CPU
		{597BF147-2C60-4844-9AAC-3A82C409092E}.Debug|Any CPU.Build.0 = Debug|Any CPU
		{597BF147-2C60-4844-9AAC-3A82C409092E}.Release|Any CPU.ActiveCfg = Release|Any CPU
		{597BF147-2C60-4844-9AAC-3A82C409092E}.Release|Any CPU.Build.0 = Release|Any CPU
		{46845364-0E0D-40AD-9BA6-FAA6C36AA83A}.Debug|Any CPU.ActiveCfg = Debug|Any CPU
		{46845364-0E0D-40AD-9BA6-FAA6C36AA83A}.Debug|Any CPU.Build.0 = Debug|Any CPU
		{46845364-0E0D-40AD-9BA6-FAA6C36AA83A}.Release|Any CPU.ActiveCfg = Release|Any CPU
		{46845364-0E0D-40AD-9BA6-FAA6C36AA83A}.Release|Any CPU.Build.0 = Release|Any CPU
		{A8FDDF0C-43E8-4CEC-8B7A-1D91A02B5DA2}.Debug|Any CPU.ActiveCfg = Debug|Any CPU
		{A8FDDF0C-43E8-4CEC-8B7A-1D91A02B5DA2}.Debug|Any CPU.Build.0 = Debug|Any CPU
		{A8FDDF0C-43E8-4CEC-8B7A-1D91A02B5DA2}.Release|Any CPU.ActiveCfg = Release|Any CPU
		{A8FDDF0C-43E8-4CEC-8B7A-1D91A02B5DA2}.Release|Any CPU.Build.0 = Release|Any CPU
	EndGlobalSection
	GlobalSection(SolutionProperties) = preSolution
		HideSolutionNode = FALSE
	EndGlobalSection
	GlobalSection(NestedProjects) = preSolution
		{36F44908-3CEC-4E08-8CEE-06534CF4D329} = {551AE694-909B-4021-A13A-6FEB93515966}
		{B5E67A4A-5DA5-435C-9E88-4C12998930BB} = {663B054A-D03F-45D9-B838-3F41A694F839}
		{9D050064-EF22-4CFD-9E56-F152359E89C9} = {B5E67A4A-5DA5-435C-9E88-4C12998930BB}
		{FAC5D033-5C47-4760-B6CA-489F62B665E4} = {663B054A-D03F-45D9-B838-3F41A694F839}
		{CA7282D6-69C8-49CB-A09A-9FB46A5D3511} = {FAC5D033-5C47-4760-B6CA-489F62B665E4}
		{A4731288-FC3A-4A98-A95E-61E0E42FB9B9} = {FAC5D033-5C47-4760-B6CA-489F62B665E4}
		{2EDF93C4-668C-4D6A-80C1-BCEC03DC3E49} = {FAC5D033-5C47-4760-B6CA-489F62B665E4}
		{597BF147-2C60-4844-9AAC-3A82C409092E} = {FAC5D033-5C47-4760-B6CA-489F62B665E4}
		{23858623-CC13-4232-A757-71A8BA2A05B7} = {663B054A-D03F-45D9-B838-3F41A694F839}
		{46845364-0E0D-40AD-9BA6-FAA6C36AA83A} = {23858623-CC13-4232-A757-71A8BA2A05B7}
		{C9E05600-2E2B-4FE3-BFC5-5C1DE63EA13A} = {663B054A-D03F-45D9-B838-3F41A694F839}
		{A8FDDF0C-43E8-4CEC-8B7A-1D91A02B5DA2} = {C9E05600-2E2B-4FE3-BFC5-5C1DE63EA13A}
	EndGlobalSection
	GlobalSection(ExtensibilityGlobals) = postSolution
		SolutionGuid = {5E09F751-CCA8-4F44-8C3D-E6C17CF40277}
	EndGlobalSection
EndGlobal
